
Microsoft Visual Studio Solution File, Format Version 12.00
# Visual Studio Version 17
Project("{8BC9CEB8-8B4A-11D0-8D11-00A0C91BC942}") = "FusionEngine", "FusionEngine\FusionEngine.vcxproj", "{8FDA5C73-7B3D-EC17-24C3-24CE1005B89A}"
EndProject
Project("{8BC9CEB8-8B4A-11D0-8D11-00A0C91BC942}") = "FusionForge", "FusionForge\FusionForge.vcxproj", "{4C10C8DC-B8C5-40D2-41BA-3AA9AD6E37D6}"
EndProject
Project("{8BC9CEB8-8B4A-11D0-8D11-00A0C91BC942}") = "Sandbox", "Sandbox\Sandbox.vcxproj", "{F4C124E3-60A1-A37E-69B9-2E55D5170AE0}"
EndProject
Global
	GlobalSection(SolutionConfigurationPlatforms) = preSolution
		Debug|x64 = Debug|x64
		Dist|x64 = Dist|x64
		Release|x64 = Release|x64
	EndGlobalSection
	GlobalSection(ProjectConfigurationPlatforms) = postSolution
		{8FDA5C73-7B3D-EC17-24C3-24CE1005B89A}.Debug|x64.ActiveCfg = Debug|x64
		{8FDA5C73-7B3D-EC17-24C3-24CE1005B89A}.Debug|x64.Build.0 = Debug|x64
		{8FDA5C73-7B3D-EC17-24C3-24CE1005B89A}.Dist|x64.ActiveCfg = Dist|x64
		{8FDA5C73-7B3D-EC17-24C3-24CE1005B89A}.Dist|x64.Build.0 = Dist|x64
		{8FDA5C73-7B3D-EC17-24C3-24CE1005B89A}.Release|x64.ActiveCfg = Release|x64
		{8FDA5C73-7B3D-EC17-24C3-24CE1005B89A}.Release|x64.Build.0 = Release|x64
		{4C10C8DC-B8C5-40D2-41BA-3AA9AD6E37D6}.Debug|x64.ActiveCfg = Debug|x64
		{4C10C8DC-B8C5-40D2-41BA-3AA9AD6E37D6}.Debug|x64.Build.0 = Debug|x64
		{4C10C8DC-B8C5-40D2-41BA-3AA9AD6E37D6}.Dist|x64.ActiveCfg = Dist|x64
		{4C10C8DC-B8C5-40D2-41BA-3AA9AD6E37D6}.Dist|x64.Build.0 = Dist|x64
		{4C10C8DC-B8C5-40D2-41BA-3AA9AD6E37D6}.Release|x64.ActiveCfg = Release|x64
		{4C10C8DC-B8C5-40D2-41BA-3AA9AD6E37D6}.Release|x64.Build.0 = Release|x64
		{F4C124E3-60A1-A37E-69B9-2E55D5170AE0}.Debug|x64.ActiveCfg = Debug|x64
		{F4C124E3-60A1-A37E-69B9-2E55D5170AE0}.Debug|x64.Build.0 = Debug|x64
		{F4C124E3-60A1-A37E-69B9-2E55D5170AE0}.Dist|x64.ActiveCfg = Dist|x64
		{F4C124E3-60A1-A37E-69B9-2E55D5170AE0}.Dist|x64.Build.0 = Dist|x64
		{F4C124E3-60A1-A37E-69B9-2E55D5170AE0}.Release|x64.ActiveCfg = Release|x64
		{F4C124E3-60A1-A37E-69B9-2E55D5170AE0}.Release|x64.Build.0 = Release|x64
	EndGlobalSection
	GlobalSection(SolutionProperties) = preSolution
		HideSolutionNode = FALSE
	EndGlobalSection
EndGlobal
